// !$*UTF8*$!
{
	archiveVersion = 1;
	classes = {
	};
	objectVersion = 77;
	objects = {

/* Begin PBXBuildFile section */
		01EE97F82DFBA43700E19DA8 /* CreateTicketIntent.appex in Embed ExtensionKit Extensions */ = {isa = PBXBuildFile; fileRef = 01EE97EF2DFBA43700E19DA8 /* CreateTicketIntent.appex */; settings = {ATTRIBUTES = (RemoveHeadersOnCopy, ); }; };
/* End PBXBuildFile section */

/* Begin PBXContainerItemProxy section */
		01EE97F62DFBA43700E19DA8 /* PBXContainerItemProxy */ = {
			isa = PBXContainerItemProxy;
			containerPortal = 1DA750B32DF7FCFE006AE23B /* Project object */;
			proxyType = 1;
			remoteGlobalIDString = 01EE97EE2DFBA43700E19DA8;
			remoteInfo = CreateTicketIntent;
		};
		1DA750CA2DF7FD00006AE23B /* PBXContainerItemProxy */ = {
			isa = PBXContainerItemProxy;
			containerPortal = 1DA750B32DF7FCFE006AE23B /* Project object */;
			proxyType = 1;
			remoteGlobalIDString = 1DA750BA2DF7FCFE006AE23B;
			remoteInfo = Velo;
		};
		1DA750D42DF7FD00006AE23B /* PBXContainerItemProxy */ = {
			isa = PBXContainerItemProxy;
			containerPortal = 1DA750B32DF7FCFE006AE23B /* Project object */;
			proxyType = 1;
			remoteGlobalIDString = 1DA750BA2DF7FCFE006AE23B;
			remoteInfo = Velo;
		};
/* End PBXContainerItemProxy section */

/* Begin PBXCopyFilesBuildPhase section */
		01EE97FD2DFBA43700E19DA8 /* Embed ExtensionKit Extensions */ = {
			isa = PBXCopyFilesBuildPhase;
			buildActionMask = 2147483647;
			dstPath = "$(EXTENSIONS_FOLDER_PATH)";
			dstSubfolderSpec = 16;
			files = (
				01EE97F82DFBA43700E19DA8 /* CreateTicketIntent.appex in Embed ExtensionKit Extensions */,
			);
			name = "Embed ExtensionKit Extensions";
			runOnlyForDeploymentPostprocessing = 0;
		};
/* End PBXCopyFilesBuildPhase section */

/* Begin PBXFileReference section */
		01EE97EF2DFBA43700E19DA8 /* CreateTicketIntent.appex */ = {isa = PBXFileReference; explicitFileType = "wrapper.extensionkit-extension"; includeInIndex = 0; path = CreateTicketIntent.appex; sourceTree = BUILT_PRODUCTS_DIR; };
		1DA750BB2DF7FCFE006AE23B /* Velo.app */ = {isa = PBXFileReference; explicitFileType = wrapper.application; includeInIndex = 0; path = Velo.app; sourceTree = BUILT_PRODUCTS_DIR; };
		1DA750C92DF7FD00006AE23B /* VeloTests.xctest */ = {isa = PBXFileReference; explicitFileType = wrapper.cfbundle; includeInIndex = 0; path = VeloTests.xctest; sourceTree = BUILT_PRODUCTS_DIR; };
		1DA750D32DF7FD00006AE23B /* VeloUITests.xctest */ = {isa = PBXFileReference; explicitFileType = wrapper.cfbundle; includeInIndex = 0; path = VeloUITests.xctest; sourceTree = BUILT_PRODUCTS_DIR; };
/* End PBXFileReference section */

/* Begin PBXFileSystemSynchronizedBuildFileExceptionSet section */
		01EE97F92DFBA43700E19DA8 /* Exceptions for "CreateTicketIntent" folder in "CreateTicketIntent" target */ = {
			isa = PBXFileSystemSynchronizedBuildFileExceptionSet;
			membershipExceptions = (
				Info.plist,
			);
			target = 01EE97EE2DFBA43700E19DA8 /* CreateTicketIntent */;
		};
		01EE994A2DFBACD600E19DA8 /* Exceptions for "Velo" folder in "CreateTicketIntent" target */ = {
			isa = PBXFileSystemSynchronizedBuildFileExceptionSet;
			membershipExceptions = (
				"Extensions/String+Extension.swift",
				Models/Company.swift,
				Protocols/Fetchable.swift,
			);
			target = 01EE97EE2DFBA43700E19DA8 /* CreateTicketIntent */;
		};
/* End PBXFileSystemSynchronizedBuildFileExceptionSet section */

/* Begin PBXFileSystemSynchronizedRootGroup section */
		01EE97F02DFBA43700E19DA8 /* CreateTicketIntent */ = {
			isa = PBXFileSystemSynchronizedRootGroup;
			exceptions = (
				01EE97F92DFBA43700E19DA8 /* Exceptions for "CreateTicketIntent" folder in "CreateTicketIntent" target */,
			);
			path = CreateTicketIntent;
			sourceTree = "<group>";
		};
		1DA750BD2DF7FCFE006AE23B /* Velo */ = {
			isa = PBXFileSystemSynchronizedRootGroup;
			exceptions = (
				01EE994A2DFBACD600E19DA8 /* Exceptions for "Velo" folder in "CreateTicketIntent" target */,
			);
			path = Velo;
			sourceTree = "<group>";
		};
		1DA750CC2DF7FD00006AE23B /* VeloTests */ = {
			isa = PBXFileSystemSynchronizedRootGroup;
			path = VeloTests;
			sourceTree = "<group>";
		};
		1DA750D62DF7FD00006AE23B /* VeloUITests */ = {
			isa = PBXFileSystemSynchronizedRootGroup;
			path = VeloUITests;
			sourceTree = "<group>";
		};
/* End PBXFileSystemSynchronizedRootGroup section */

/* Begin PBXFrameworksBuildPhase section */
		01EE97EC2DFBA43700E19DA8 /* Frameworks */ = {
			isa = PBXFrameworksBuildPhase;
			buildActionMask = 2147483647;
			files = (
			);
			runOnlyForDeploymentPostprocessing = 0;
		};
		1DA750B82DF7FCFE006AE23B /* Frameworks */ = {
			isa = PBXFrameworksBuildPhase;
			buildActionMask = 2147483647;
			files = (
			);
			runOnlyForDeploymentPostprocessing = 0;
		};
		1DA750C62DF7FD00006AE23B /* Frameworks */ = {
			isa = PBXFrameworksBuildPhase;
			buildActionMask = 2147483647;
			files = (
			);
			runOnlyForDeploymentPostprocessing = 0;
		};
		1DA750D02DF7FD00006AE23B /* Frameworks */ = {
			isa = PBXFrameworksBuildPhase;
			buildActionMask = 2147483647;
			files = (
			);
			runOnlyForDeploymentPostprocessing = 0;
		};
/* End PBXFrameworksBuildPhase section */

/* Begin PBXGroup section */
		1DA750B22DF7FCFE006AE23B = {
			isa = PBXGroup;
			children = (
				1DA750BD2DF7FCFE006AE23B /* Velo */,
				1DA750CC2DF7FD00006AE23B /* VeloTests */,
				1DA750D62DF7FD00006AE23B /* VeloUITests */,
				01EE97F02DFBA43700E19DA8 /* CreateTicketIntent */,
				1DA750BC2DF7FCFE006AE23B /* Products */,
			);
			sourceTree = "<group>";
		};
		1DA750BC2DF7FCFE006AE23B /* Products */ = {
			isa = PBXGroup;
			children = (
				1DA750BB2DF7FCFE006AE23B /* Velo.app */,
				1DA750C92DF7FD00006AE23B /* VeloTests.xctest */,
				1DA750D32DF7FD00006AE23B /* VeloUITests.xctest */,
				01EE97EF2DFBA43700E19DA8 /* CreateTicketIntent.appex */,
			);
			name = Products;
			sourceTree = "<group>";
		};
/* End PBXGroup section */

/* Begin PBXNativeTarget section */
		01EE97EE2DFBA43700E19DA8 /* CreateTicketIntent */ = {
			isa = PBXNativeTarget;
			buildConfigurationList = 01EE97FA2DFBA43700E19DA8 /* Build configuration list for PBXNativeTarget "CreateTicketIntent" */;
			buildPhases = (
				01EE97EB2DFBA43700E19DA8 /* Sources */,
				01EE97EC2DFBA43700E19DA8 /* Frameworks */,
				01EE97ED2DFBA43700E19DA8 /* Resources */,
			);
			buildRules = (
			);
			dependencies = (
			);
			fileSystemSynchronizedGroups = (
				01EE97F02DFBA43700E19DA8 /* CreateTicketIntent */,
			);
			name = CreateTicketIntent;
			packageProductDependencies = (
			);
			productName = CreateTicketIntent;
			productReference = 01EE97EF2DFBA43700E19DA8 /* CreateTicketIntent.appex */;
			productType = "com.apple.product-type.extensionkit-extension";
		};
		1DA750BA2DF7FCFE006AE23B /* Velo */ = {
			isa = PBXNativeTarget;
			buildConfigurationList = 1DA750DD2DF7FD00006AE23B /* Build configuration list for PBXNativeTarget "Velo" */;
			buildPhases = (
				1DA750B72DF7FCFE006AE23B /* Sources */,
				1DA750B82DF7FCFE006AE23B /* Frameworks */,
				1DA750B92DF7FCFE006AE23B /* Resources */,
				01EE97FD2DFBA43700E19DA8 /* Embed ExtensionKit Extensions */,
			);
			buildRules = (
			);
			dependencies = (
				01EE97F72DFBA43700E19DA8 /* PBXTargetDependency */,
			);
			fileSystemSynchronizedGroups = (
				1DA750BD2DF7FCFE006AE23B /* Velo */,
			);
			name = Velo;
			packageProductDependencies = (
			);
			productName = Velo;
			productReference = 1DA750BB2DF7FCFE006AE23B /* Velo.app */;
			productType = "com.apple.product-type.application";
		};
		1DA750C82DF7FD00006AE23B /* VeloTests */ = {
			isa = PBXNativeTarget;
			buildConfigurationList = 1DA750E02DF7FD00006AE23B /* Build configuration list for PBXNativeTarget "VeloTests" */;
			buildPhases = (
				1DA750C52DF7FD00006AE23B /* Sources */,
				1DA750C62DF7FD00006AE23B /* Frameworks */,
				1DA750C72DF7FD00006AE23B /* Resources */,
			);
			buildRules = (
			);
			dependencies = (
				1DA750CB2DF7FD00006AE23B /* PBXTargetDependency */,
			);
			fileSystemSynchronizedGroups = (
				1DA750CC2DF7FD00006AE23B /* VeloTests */,
			);
			name = VeloTests;
			packageProductDependencies = (
			);
			productName = VeloTests;
			productReference = 1DA750C92DF7FD00006AE23B /* VeloTests.xctest */;
			productType = "com.apple.product-type.bundle.unit-test";
		};
		1DA750D22DF7FD00006AE23B /* VeloUITests */ = {
			isa = PBXNativeTarget;
			buildConfigurationList = 1DA750E32DF7FD00006AE23B /* Build configuration list for PBXNativeTarget "VeloUITests" */;
			buildPhases = (
				1DA750CF2DF7FD00006AE23B /* Sources */,
				1DA750D02DF7FD00006AE23B /* Frameworks */,
				1DA750D12DF7FD00006AE23B /* Resources */,
			);
			buildRules = (
			);
			dependencies = (
				1DA750D52DF7FD00006AE23B /* PBXTargetDependency */,
			);
			fileSystemSynchronizedGroups = (
				1DA750D62DF7FD00006AE23B /* VeloUITests */,
			);
			name = VeloUITests;
			packageProductDependencies = (
			);
			productName = VeloUITests;
			productReference = 1DA750D32DF7FD00006AE23B /* VeloUITests.xctest */;
			productType = "com.apple.product-type.bundle.ui-testing";
		};
/* End PBXNativeTarget section */

/* Begin PBXProject section */
		1DA750B32DF7FCFE006AE23B /* Project object */ = {
			isa = PBXProject;
			attributes = {
				BuildIndependentTargetsInParallel = 1;
				LastSwiftUpdateCheck = 2600;
				LastUpgradeCheck = 1640;
				TargetAttributes = {
					01EE97EE2DFBA43700E19DA8 = {
						CreatedOnToolsVersion = 26.0;
					};
					1DA750BA2DF7FCFE006AE23B = {
						CreatedOnToolsVersion = 16.4;
					};
					1DA750C82DF7FD00006AE23B = {
						CreatedOnToolsVersion = 16.4;
						TestTargetID = 1DA750BA2DF7FCFE006AE23B;
					};
					1DA750D22DF7FD00006AE23B = {
						CreatedOnToolsVersion = 16.4;
						TestTargetID = 1DA750BA2DF7FCFE006AE23B;
					};
				};
			};
			buildConfigurationList = 1DA750B62DF7FCFE006AE23B /* Build configuration list for PBXProject "Velo" */;
			developmentRegion = en;
			hasScannedForEncodings = 0;
			knownRegions = (
				en,
				Base,
			);
			mainGroup = 1DA750B22DF7FCFE006AE23B;
			minimizedProjectReferenceProxies = 1;
			preferredProjectObjectVersion = 77;
			productRefGroup = 1DA750BC2DF7FCFE006AE23B /* Products */;
			projectDirPath = "";
			projectRoot = "";
			targets = (
				1DA750BA2DF7FCFE006AE23B /* Velo */,
				1DA750C82DF7FD00006AE23B /* VeloTests */,
				1DA750D22DF7FD00006AE23B /* VeloUITests */,
				01EE97EE2DFBA43700E19DA8 /* CreateTicketIntent */,
			);
		};
/* End PBXProject section */

/* Begin PBXResourcesBuildPhase section */
		01EE97ED2DFBA43700E19DA8 /* Resources */ = {
			isa = PBXResourcesBuildPhase;
			buildActionMask = 2147483647;
			files = (
			);
			runOnlyForDeploymentPostprocessing = 0;
		};
		1DA750B92DF7FCFE006AE23B /* Resources */ = {
			isa = PBXResourcesBuildPhase;
			buildActionMask = 2147483647;
			files = (
			);
			runOnlyForDeploymentPostprocessing = 0;
		};
		1DA750C72DF7FD00006AE23B /* Resources */ = {
			isa = PBXResourcesBuildPhase;
			buildActionMask = 2147483647;
			files = (
			);
			runOnlyForDeploymentPostprocessing = 0;
		};
		1DA750D12DF7FD00006AE23B /* Resources */ = {
			isa = PBXResourcesBuildPhase;
			buildActionMask = 2147483647;
			files = (
			);
			runOnlyForDeploymentPostprocessing = 0;
		};
/* End PBXResourcesBuildPhase section */

/* Begin PBXSourcesBuildPhase section */
		01EE97EB2DFBA43700E19DA8 /* Sources */ = {
			isa = PBXSourcesBuildPhase;
			buildActionMask = 2147483647;
			files = (
			);
			runOnlyForDeploymentPostprocessing = 0;
		};
		1DA750B72DF7FCFE006AE23B /* Sources */ = {
			isa = PBXSourcesBuildPhase;
			buildActionMask = 2147483647;
			files = (
			);
			runOnlyForDeploymentPostprocessing = 0;
		};
		1DA750C52DF7FD00006AE23B /* Sources */ = {
			isa = PBXSourcesBuildPhase;
			buildActionMask = 2147483647;
			files = (
			);
			runOnlyForDeploymentPostprocessing = 0;
		};
		1DA750CF2DF7FD00006AE23B /* Sources */ = {
			isa = PBXSourcesBuildPhase;
			buildActionMask = 2147483647;
			files = (
			);
			runOnlyForDeploymentPostprocessing = 0;
		};
/* End PBXSourcesBuildPhase section */

/* Begin PBXTargetDependency section */
		01EE97F72DFBA43700E19DA8 /* PBXTargetDependency */ = {
			isa = PBXTargetDependency;
			target = 01EE97EE2DFBA43700E19DA8 /* CreateTicketIntent */;
			targetProxy = 01EE97F62DFBA43700E19DA8 /* PBXContainerItemProxy */;
		};
		1DA750CB2DF7FD00006AE23B /* PBXTargetDependency */ = {
			isa = PBXTargetDependency;
			target = 1DA750BA2DF7FCFE006AE23B /* Velo */;
			targetProxy = 1DA750CA2DF7FD00006AE23B /* PBXContainerItemProxy */;
		};
		1DA750D52DF7FD00006AE23B /* PBXTargetDependency */ = {
			isa = PBXTargetDependency;
			target = 1DA750BA2DF7FCFE006AE23B /* Velo */;
			targetProxy = 1DA750D42DF7FD00006AE23B /* PBXContainerItemProxy */;
		};
/* End PBXTargetDependency section */

/* Begin XCBuildConfiguration section */
		01EE97FB2DFBA43700E19DA8 /* Debug */ = {
			isa = XCBuildConfiguration;
			buildSettings = {
				CODE_SIGN_STYLE = Automatic;
				CURRENT_PROJECT_VERSION = 1;
				DEVELOPMENT_TEAM = PK8WVYF36Y;
				ENABLE_APP_SANDBOX = YES;
				ENABLE_HARDENED_RUNTIME = YES;
				GENERATE_INFOPLIST_FILE = YES;
				INFOPLIST_FILE = CreateTicketIntent/Info.plist;
				INFOPLIST_KEY_CFBundleDisplayName = CreateTicketIntent;
				INFOPLIST_KEY_NSHumanReadableCopyright = "";
				LD_RUNPATH_SEARCH_PATHS = (
					"$(inherited)",
					"@executable_path/../Frameworks",
					"@executable_path/../../../../Frameworks",
				);
				MACOSX_DEPLOYMENT_TARGET = 26.0;
				MARKETING_VERSION = 1.0;
				PRODUCT_BUNDLE_IDENTIFIER = "Velo-IT-Group.Velo.CreateTicketIntent";
				PRODUCT_NAME = "$(TARGET_NAME)";
				SDKROOT = macosx;
				SKIP_INSTALL = YES;
				STRING_CATALOG_GENERATE_SYMBOLS = YES;
				SWIFT_EMIT_LOC_STRINGS = YES;
				SWIFT_UPCOMING_FEATURE_MEMBER_IMPORT_VISIBILITY = YES;
				SWIFT_VERSION = 5.0;
			};
			name = Debug;
		};
		01EE97FC2DFBA43700E19DA8 /* Release */ = {
			isa = XCBuildConfiguration;
			buildSettings = {
				CODE_SIGN_STYLE = Automatic;
				CURRENT_PROJECT_VERSION = 1;
				DEVELOPMENT_TEAM = PK8WVYF36Y;
				ENABLE_APP_SANDBOX = YES;
				ENABLE_HARDENED_RUNTIME = YES;
				GENERATE_INFOPLIST_FILE = YES;
				INFOPLIST_FILE = CreateTicketIntent/Info.plist;
				INFOPLIST_KEY_CFBundleDisplayName = CreateTicketIntent;
				INFOPLIST_KEY_NSHumanReadableCopyright = "";
				LD_RUNPATH_SEARCH_PATHS = (
					"$(inherited)",
					"@executable_path/../Frameworks",
					"@executable_path/../../../../Frameworks",
				);
				MACOSX_DEPLOYMENT_TARGET = 26.0;
				MARKETING_VERSION = 1.0;
				PRODUCT_BUNDLE_IDENTIFIER = "Velo-IT-Group.Velo.CreateTicketIntent";
				PRODUCT_NAME = "$(TARGET_NAME)";
				SDKROOT = macosx;
				SKIP_INSTALL = YES;
				STRING_CATALOG_GENERATE_SYMBOLS = YES;
				SWIFT_EMIT_LOC_STRINGS = YES;
				SWIFT_UPCOMING_FEATURE_MEMBER_IMPORT_VISIBILITY = YES;
				SWIFT_VERSION = 5.0;
			};
			name = Release;
		};
		1DA750DB2DF7FD00006AE23B /* Debug */ = {
			isa = XCBuildConfiguration;
			buildSettings = {
				ALWAYS_SEARCH_USER_PATHS = NO;
				ASSETCATALOG_COMPILER_GENERATE_SWIFT_ASSET_SYMBOL_EXTENSIONS = YES;
				CLANG_ANALYZER_NONNULL = YES;
				CLANG_ANALYZER_NUMBER_OBJECT_CONVERSION = YES_AGGRESSIVE;
				CLANG_CXX_LANGUAGE_STANDARD = "gnu++20";
				CLANG_ENABLE_MODULES = YES;
				CLANG_ENABLE_OBJC_ARC = YES;
				CLANG_ENABLE_OBJC_WEAK = YES;
				CLANG_WARN_BLOCK_CAPTURE_AUTORELEASING = YES;
				CLANG_WARN_BOOL_CONVERSION = YES;
				CLANG_WARN_COMMA = YES;
				CLANG_WARN_CONSTANT_CONVERSION = YES;
				CLANG_WARN_DEPRECATED_OBJC_IMPLEMENTATIONS = YES;
				CLANG_WARN_DIRECT_OBJC_ISA_USAGE = YES_ERROR;
				CLANG_WARN_DOCUMENTATION_COMMENTS = YES;
				CLANG_WARN_EMPTY_BODY = YES;
				CLANG_WARN_ENUM_CONVERSION = YES;
				CLANG_WARN_INFINITE_RECURSION = YES;
				CLANG_WARN_INT_CONVERSION = YES;
				CLANG_WARN_NON_LITERAL_NULL_CONVERSION = YES;
				CLANG_WARN_OBJC_IMPLICIT_RETAIN_SELF = YES;
				CLANG_WARN_OBJC_LITERAL_CONVERSION = YES;
				CLANG_WARN_OBJC_ROOT_CLASS = YES_ERROR;
				CLANG_WARN_QUOTED_INCLUDE_IN_FRAMEWORK_HEADER = YES;
				CLANG_WARN_RANGE_LOOP_ANALYSIS = YES;
				CLANG_WARN_STRICT_PROTOTYPES = YES;
				CLANG_WARN_SUSPICIOUS_MOVE = YES;
				CLANG_WARN_UNGUARDED_AVAILABILITY = YES_AGGRESSIVE;
				CLANG_WARN_UNREACHABLE_CODE = YES;
				CLANG_WARN__DUPLICATE_METHOD_MATCH = YES;
				COPY_PHASE_STRIP = NO;
				DEBUG_INFORMATION_FORMAT = dwarf;
				DEVELOPMENT_TEAM = PK8WVYF36Y;
				ENABLE_STRICT_OBJC_MSGSEND = YES;
				ENABLE_TESTABILITY = YES;
				ENABLE_USER_SCRIPT_SANDBOXING = YES;
				GCC_C_LANGUAGE_STANDARD = gnu17;
				GCC_DYNAMIC_NO_PIC = NO;
				GCC_NO_COMMON_BLOCKS = YES;
				GCC_OPTIMIZATION_LEVEL = 0;
				GCC_PREPROCESSOR_DEFINITIONS = (
					"DEBUG=1",
					"$(inherited)",
				);
				GCC_WARN_64_TO_32_BIT_CONVERSION = YES;
				GCC_WARN_ABOUT_RETURN_TYPE = YES_ERROR;
				GCC_WARN_UNDECLARED_SELECTOR = YES;
				GCC_WARN_UNINITIALIZED_AUTOS = YES_AGGRESSIVE;
				GCC_WARN_UNUSED_FUNCTION = YES;
				GCC_WARN_UNUSED_VARIABLE = YES;
				LOCALIZATION_PREFERS_STRING_CATALOGS = YES;
				MTL_ENABLE_DEBUG_INFO = INCLUDE_SOURCE;
				MTL_FAST_MATH = YES;
				ONLY_ACTIVE_ARCH = YES;
				SWIFT_ACTIVE_COMPILATION_CONDITIONS = "DEBUG $(inherited)";
				SWIFT_OPTIMIZATION_LEVEL = "-Onone";
			};
			name = Debug;
		};
		1DA750DC2DF7FD00006AE23B /* Release */ = {
			isa = XCBuildConfiguration;
			buildSettings = {
				ALWAYS_SEARCH_USER_PATHS = NO;
				ASSETCATALOG_COMPILER_GENERATE_SWIFT_ASSET_SYMBOL_EXTENSIONS = YES;
				CLANG_ANALYZER_NONNULL = YES;
				CLANG_ANALYZER_NUMBER_OBJECT_CONVERSION = YES_AGGRESSIVE;
				CLANG_CXX_LANGUAGE_STANDARD = "gnu++20";
				CLANG_ENABLE_MODULES = YES;
				CLANG_ENABLE_OBJC_ARC = YES;
				CLANG_ENABLE_OBJC_WEAK = YES;
				CLANG_WARN_BLOCK_CAPTURE_AUTORELEASING = YES;
				CLANG_WARN_BOOL_CONVERSION = YES;
				CLANG_WARN_COMMA = YES;
				CLANG_WARN_CONSTANT_CONVERSION = YES;
				CLANG_WARN_DEPRECATED_OBJC_IMPLEMENTATIONS = YES;
				CLANG_WARN_DIRECT_OBJC_ISA_USAGE = YES_ERROR;
				CLANG_WARN_DOCUMENTATION_COMMENTS = YES;
				CLANG_WARN_EMPTY_BODY = YES;
				CLANG_WARN_ENUM_CONVERSION = YES;
				CLANG_WARN_INFINITE_RECURSION = YES;
				CLANG_WARN_INT_CONVERSION = YES;
				CLANG_WARN_NON_LITERAL_NULL_CONVERSION = YES;
				CLANG_WARN_OBJC_IMPLICIT_RETAIN_SELF = YES;
				CLANG_WARN_OBJC_LITERAL_CONVERSION = YES;
				CLANG_WARN_OBJC_ROOT_CLASS = YES_ERROR;
				CLANG_WARN_QUOTED_INCLUDE_IN_FRAMEWORK_HEADER = YES;
				CLANG_WARN_RANGE_LOOP_ANALYSIS = YES;
				CLANG_WARN_STRICT_PROTOTYPES = YES;
				CLANG_WARN_SUSPICIOUS_MOVE = YES;
				CLANG_WARN_UNGUARDED_AVAILABILITY = YES_AGGRESSIVE;
				CLANG_WARN_UNREACHABLE_CODE = YES;
				CLANG_WARN__DUPLICATE_METHOD_MATCH = YES;
				COPY_PHASE_STRIP = NO;
				DEBUG_INFORMATION_FORMAT = "dwarf-with-dsym";
				DEVELOPMENT_TEAM = PK8WVYF36Y;
				ENABLE_NS_ASSERTIONS = NO;
				ENABLE_STRICT_OBJC_MSGSEND = YES;
				ENABLE_USER_SCRIPT_SANDBOXING = YES;
				GCC_C_LANGUAGE_STANDARD = gnu17;
				GCC_NO_COMMON_BLOCKS = YES;
				GCC_WARN_64_TO_32_BIT_CONVERSION = YES;
				GCC_WARN_ABOUT_RETURN_TYPE = YES_ERROR;
				GCC_WARN_UNDECLARED_SELECTOR = YES;
				GCC_WARN_UNINITIALIZED_AUTOS = YES_AGGRESSIVE;
				GCC_WARN_UNUSED_FUNCTION = YES;
				GCC_WARN_UNUSED_VARIABLE = YES;
				LOCALIZATION_PREFERS_STRING_CATALOGS = YES;
				MTL_ENABLE_DEBUG_INFO = NO;
				MTL_FAST_MATH = YES;
				SWIFT_COMPILATION_MODE = wholemodule;
			};
			name = Release;
		};
		1DA750DE2DF7FD00006AE23B /* Debug */ = {
			isa = XCBuildConfiguration;
			buildSettings = {
				ASSETCATALOG_COMPILER_APPICON_NAME = AppIcon;
				ASSETCATALOG_COMPILER_GLOBAL_ACCENT_COLOR_NAME = AccentColor;
				CODE_SIGN_ENTITLEMENTS = Velo/Velo.entitlements;
				CODE_SIGN_STYLE = Automatic;
				CURRENT_PROJECT_VERSION = 1;
				DEVELOPMENT_TEAM = PK8WVYF36Y;
				ENABLE_APP_SANDBOX = YES;
				ENABLE_HARDENED_RUNTIME = YES;
				ENABLE_OUTGOING_NETWORK_CONNECTIONS = YES;
				ENABLE_PREVIEWS = YES;
				GENERATE_INFOPLIST_FILE = YES;
				"INFOPLIST_KEY_UIApplicationSceneManifest_Generation[sdk=iphoneos*]" = YES;
				"INFOPLIST_KEY_UIApplicationSceneManifest_Generation[sdk=iphonesimulator*]" = YES;
				"INFOPLIST_KEY_UIApplicationSupportsIndirectInputEvents[sdk=iphoneos*]" = YES;
				"INFOPLIST_KEY_UIApplicationSupportsIndirectInputEvents[sdk=iphonesimulator*]" = YES;
				"INFOPLIST_KEY_UILaunchScreen_Generation[sdk=iphoneos*]" = YES;
				"INFOPLIST_KEY_UILaunchScreen_Generation[sdk=iphonesimulator*]" = YES;
				"INFOPLIST_KEY_UIStatusBarStyle[sdk=iphoneos*]" = UIStatusBarStyleDefault;
				"INFOPLIST_KEY_UIStatusBarStyle[sdk=iphonesimulator*]" = UIStatusBarStyleDefault;
				INFOPLIST_KEY_UISupportedInterfaceOrientations_iPad = "UIInterfaceOrientationPortrait UIInterfaceOrientationPortraitUpsideDown UIInterfaceOrientationLandscapeLeft UIInterfaceOrientationLandscapeRight";
				INFOPLIST_KEY_UISupportedInterfaceOrientations_iPhone = "UIInterfaceOrientationPortrait UIInterfaceOrientationLandscapeLeft UIInterfaceOrientationLandscapeRight";
				IPHONEOS_DEPLOYMENT_TARGET = 18.5;
				LD_RUNPATH_SEARCH_PATHS = "@executable_path/Frameworks";
				"LD_RUNPATH_SEARCH_PATHS[sdk=macosx*]" = "@executable_path/../Frameworks";
				MACOSX_DEPLOYMENT_TARGET = 15.5;
				MARKETING_VERSION = 1.0;
				PRODUCT_BUNDLE_IDENTIFIER = "Velo-IT-Group.Velo";
				PRODUCT_NAME = "$(TARGET_NAME)";
				REGISTER_APP_GROUPS = YES;
				SDKROOT = auto;
				SUPPORTED_PLATFORMS = "iphoneos iphonesimulator macosx";
				SUPPORTS_MACCATALYST = NO;
				SWIFT_EMIT_LOC_STRINGS = YES;
				SWIFT_VERSION = 5.0;
				TARGETED_DEVICE_FAMILY = "1,2";
				XROS_DEPLOYMENT_TARGET = 2.5;
			};
			name = Debug;
		};
		1DA750DF2DF7FD00006AE23B /* Release */ = {
			isa = XCBuildConfiguration;
			buildSettings = {
				ASSETCATALOG_COMPILER_APPICON_NAME = AppIcon;
				ASSETCATALOG_COMPILER_GLOBAL_ACCENT_COLOR_NAME = AccentColor;
				CODE_SIGN_ENTITLEMENTS = Velo/Velo.entitlements;
				CODE_SIGN_STYLE = Automatic;
				CURRENT_PROJECT_VERSION = 1;
				DEVELOPMENT_TEAM = PK8WVYF36Y;
				ENABLE_HARDENED_RUNTIME = YES;
				ENABLE_PREVIEWS = YES;
				GENERATE_INFOPLIST_FILE = YES;
				"INFOPLIST_KEY_UIApplicationSceneManifest_Generation[sdk=iphoneos*]" = YES;
				"INFOPLIST_KEY_UIApplicationSceneManifest_Generation[sdk=iphonesimulator*]" = YES;
				"INFOPLIST_KEY_UIApplicationSupportsIndirectInputEvents[sdk=iphoneos*]" = YES;
				"INFOPLIST_KEY_UIApplicationSupportsIndirectInputEvents[sdk=iphonesimulator*]" = YES;
				"INFOPLIST_KEY_UILaunchScreen_Generation[sdk=iphoneos*]" = YES;
				"INFOPLIST_KEY_UILaunchScreen_Generation[sdk=iphonesimulator*]" = YES;
				"INFOPLIST_KEY_UIStatusBarStyle[sdk=iphoneos*]" = UIStatusBarStyleDefault;
				"INFOPLIST_KEY_UIStatusBarStyle[sdk=iphonesimulator*]" = UIStatusBarStyleDefault;
				INFOPLIST_KEY_UISupportedInterfaceOrientations_iPad = "UIInterfaceOrientationPortrait UIInterfaceOrientationPortraitUpsideDown UIInterfaceOrientationLandscapeLeft UIInterfaceOrientationLandscapeRight";
				INFOPLIST_KEY_UISupportedInterfaceOrientations_iPhone = "UIInterfaceOrientationPortrait UIInterfaceOrientationLandscapeLeft UIInterfaceOrientationLandscapeRight";
				IPHONEOS_DEPLOYMENT_TARGET = 18.5;
				LD_RUNPATH_SEARCH_PATHS = "@executable_path/Frameworks";
				"LD_RUNPATH_SEARCH_PATHS[sdk=macosx*]" = "@executable_path/../Frameworks";
				MACOSX_DEPLOYMENT_TARGET = 15.5;
				MARKETING_VERSION = 1.0;
				PRODUCT_BUNDLE_IDENTIFIER = "Velo-IT-Group.Velo";
				PRODUCT_NAME = "$(TARGET_NAME)";
				REGISTER_APP_GROUPS = YES;
				SDKROOT = auto;
				SUPPORTED_PLATFORMS = "iphoneos iphonesimulator macosx";
				SUPPORTS_MACCATALYST = NO;
				SWIFT_EMIT_LOC_STRINGS = YES;
				SWIFT_VERSION = 5.0;
				TARGETED_DEVICE_FAMILY = "1,2";
				XROS_DEPLOYMENT_TARGET = 2.5;
			};
			name = Release;
		};
		1DA750E12DF7FD00006AE23B /* Debug */ = {
			isa = XCBuildConfiguration;
			buildSettings = {
				BUNDLE_LOADER = "$(TEST_HOST)";
				CODE_SIGN_STYLE = Automatic;
				CURRENT_PROJECT_VERSION = 1;
				DEVELOPMENT_TEAM = PK8WVYF36Y;
				GENERATE_INFOPLIST_FILE = YES;
				IPHONEOS_DEPLOYMENT_TARGET = 18.5;
				MACOSX_DEPLOYMENT_TARGET = 15.5;
				MARKETING_VERSION = 1.0;
				PRODUCT_BUNDLE_IDENTIFIER = "Velo-IT-Group.VeloTests";
				PRODUCT_NAME = "$(TARGET_NAME)";
				SDKROOT = auto;
				SUPPORTED_PLATFORMS = "iphoneos iphonesimulator macosx xros xrsimulator";
				SWIFT_EMIT_LOC_STRINGS = NO;
				SWIFT_VERSION = 5.0;
				TARGETED_DEVICE_FAMILY = "1,2,7";
				TEST_HOST = "$(BUILT_PRODUCTS_DIR)/Velo.app/$(BUNDLE_EXECUTABLE_FOLDER_PATH)/Velo";
				XROS_DEPLOYMENT_TARGET = 2.5;
			};
			name = Debug;
		};
		1DA750E22DF7FD00006AE23B /* Release */ = {
			isa = XCBuildConfiguration;
			buildSettings = {
				BUNDLE_LOADER = "$(TEST_HOST)";
				CODE_SIGN_STYLE = Automatic;
				CURRENT_PROJECT_VERSION = 1;
				DEVELOPMENT_TEAM = PK8WVYF36Y;
				GENERATE_INFOPLIST_FILE = YES;
				IPHONEOS_DEPLOYMENT_TARGET = 18.5;
				MACOSX_DEPLOYMENT_TARGET = 15.5;
				MARKETING_VERSION = 1.0;
				PRODUCT_BUNDLE_IDENTIFIER = "Velo-IT-Group.VeloTests";
				PRODUCT_NAME = "$(TARGET_NAME)";
				SDKROOT = auto;
				SUPPORTED_PLATFORMS = "iphoneos iphonesimulator macosx xros xrsimulator";
				SWIFT_EMIT_LOC_STRINGS = NO;
				SWIFT_VERSION = 5.0;
				TARGETED_DEVICE_FAMILY = "1,2,7";
				TEST_HOST = "$(BUILT_PRODUCTS_DIR)/Velo.app/$(BUNDLE_EXECUTABLE_FOLDER_PATH)/Velo";
				XROS_DEPLOYMENT_TARGET = 2.5;
			};
			name = Release;
		};
		1DA750E42DF7FD00006AE23B /* Debug */ = {
			isa = XCBuildConfiguration;
			buildSettings = {
				CODE_SIGN_STYLE = Automatic;
				CURRENT_PROJECT_VERSION = 1;
				DEVELOPMENT_TEAM = PK8WVYF36Y;
				GENERATE_INFOPLIST_FILE = YES;
				IPHONEOS_DEPLOYMENT_TARGET = 18.5;
				MACOSX_DEPLOYMENT_TARGET = 15.5;
				MARKETING_VERSION = 1.0;
				PRODUCT_BUNDLE_IDENTIFIER = "Velo-IT-Group.VeloUITests";
				PRODUCT_NAME = "$(TARGET_NAME)";
				SDKROOT = auto;
				SUPPORTED_PLATFORMS = "iphoneos iphonesimulator macosx xros xrsimulator";
				SWIFT_EMIT_LOC_STRINGS = NO;
				SWIFT_VERSION = 5.0;
				TARGETED_DEVICE_FAMILY = "1,2,7";
				TEST_TARGET_NAME = Velo;
				XROS_DEPLOYMENT_TARGET = 2.5;
			};
			name = Debug;
		};
		1DA750E52DF7FD00006AE23B /* Release */ = {
			isa = XCBuildConfiguration;
			buildSettings = {
				CODE_SIGN_STYLE = Automatic;
				CURRENT_PROJECT_VERSION = 1;
				DEVELOPMENT_TEAM = PK8WVYF36Y;
				GENERATE_INFOPLIST_FILE = YES;
				IPHONEOS_DEPLOYMENT_TARGET = 18.5;
				MACOSX_DEPLOYMENT_TARGET = 15.5;
				MARKETING_VERSION = 1.0;
				PRODUCT_BUNDLE_IDENTIFIER = "Velo-IT-Group.VeloUITests";
				PRODUCT_NAME = "$(TARGET_NAME)";
				SDKROOT = auto;
				SUPPORTED_PLATFORMS = "iphoneos iphonesimulator macosx xros xrsimulator";
				SWIFT_EMIT_LOC_STRINGS = NO;
				SWIFT_VERSION = 5.0;
				TARGETED_DEVICE_FAMILY = "1,2,7";
				TEST_TARGET_NAME = Velo;
				XROS_DEPLOYMENT_TARGET = 2.5;
			};
			name = Release;
		};
/* End XCBuildConfiguration section */

/* Begin XCConfigurationList section */
		01EE97FA2DFBA43700E19DA8 /* Build configuration list for PBXNativeTarget "CreateTicketIntent" */ = {
			isa = XCConfigurationList;
			buildConfigurations = (
				01EE97FB2DFBA43700E19DA8 /* Debug */,
				01EE97FC2DFBA43700E19DA8 /* Release */,
			);
			defaultConfigurationIsVisible = 0;
			defaultConfigurationName = Release;
		};
		1DA750B62DF7FCFE006AE23B /* Build configuration list for PBXProject "Velo" */ = {
			isa = XCConfigurationList;
			buildConfigurations = (
				1DA750DB2DF7FD00006AE23B /* Debug */,
				1DA750DC2DF7FD00006AE23B /* Release */,
			);
			defaultConfigurationIsVisible = 0;
			defaultConfigurationName = Release;
		};
		1DA750DD2DF7FD00006AE23B /* Build configuration list for PBXNativeTarget "Velo" */ = {
			isa = XCConfigurationList;
			buildConfigurations = (
				1DA750DE2DF7FD00006AE23B /* Debug */,
				1DA750DF2DF7FD00006AE23B /* Release */,
			);
			defaultConfigurationIsVisible = 0;
			defaultConfigurationName = Release;
		};
		1DA750E02DF7FD00006AE23B /* Build configuration list for PBXNativeTarget "VeloTests" */ = {
			isa = XCConfigurationList;
			buildConfigurations = (
				1DA750E12DF7FD00006AE23B /* Debug */,
				1DA750E22DF7FD00006AE23B /* Release */,
			);
			defaultConfigurationIsVisible = 0;
			defaultConfigurationName = Release;
		};
		1DA750E32DF7FD00006AE23B /* Build configuration list for PBXNativeTarget "VeloUITests" */ = {
			isa = XCConfigurationList;
			buildConfigurations = (
				1DA750E42DF7FD00006AE23B /* Debug */,
				1DA750E52DF7FD00006AE23B /* Release */,
			);
			defaultConfigurationIsVisible = 0;
			defaultConfigurationName = Release;
		};
/* End XCConfigurationList section */
	};
	rootObject = 1DA750B32DF7FCFE006AE23B /* Project object */;
}
